
Microsoft Visual Studio Solution File, Format Version 12.00
# Visual Studio Version 16
VisualStudioVersion = 16.0.32126.315
MinimumVisualStudioVersion = 10.0.40219.1
Project("{FAE04EC0-301F-11D3-BF4B-00C04F79EFBC}") = "ANNMofidication", "ANNMofidication\ANNMofidication.csproj", "{CCB21F25-86D1-41C9-AA01-2180A4ABFAC0}"
EndProject
Global
	GlobalSection(SolutionConfigurationPlatforms) = preSolution
		Debug|Any CPU = Debug|Any CPU
		Release|Any CPU = Release|Any CPU
	EndGlobalSection
	GlobalSection(ProjectConfigurationPlatforms) = postSolution
		{CCB21F25-86D1-41C9-AA01-2180A4ABFAC0}.Debug|Any CPU.ActiveCfg = Debug|Any CPU
		{CCB21F25-86D1-41C9-AA01-2180A4ABFAC0}.Debug|Any CPU.Build.0 = Debug|Any CPU
		{CCB21F25-86D1-41C9-AA01-2180A4ABFAC0}.Release|Any CPU.ActiveCfg = Release|Any CPU
		{CCB21F25-86D1-41C9-AA01-2180A4ABFAC0}.Release|Any CPU.Build.0 = Release|Any CPU
	EndGlobalSection
	GlobalSection(SolutionProperties) = preSolution
		HideSolutionNode = FALSE
	EndGlobalSection
	GlobalSection(ExtensibilityGlobals) = postSolution
		SolutionGuid = {CDC77618-31AF-44A5-8233-7EBDE6793CFF}
	EndGlobalSection
EndGlobal
