
Microsoft Visual Studio Solution File, Format Version 12.00
# Visual Studio Version 16
VisualStudioVersion = 16.0.32126.315
MinimumVisualStudioVersion = 10.0.40219.1
Project("{FAE04EC0-301F-11D3-BF4B-00C04F79EFBC}") = "PermutationApp", "PermutationApp\PermutationApp.csproj", "{D05B78B8-C12D-4D5D-B762-788FC23BDAAE}"
EndProject
Global
	GlobalSection(SolutionConfigurationPlatforms) = preSolution
		Debug|Any CPU = Debug|Any CPU
		Release|Any CPU = Release|Any CPU
	EndGlobalSection
	GlobalSection(ProjectConfigurationPlatforms) = postSolution
		{D05B78B8-C12D-4D5D-B762-788FC23BDAAE}.Debug|Any CPU.ActiveCfg = Debug|Any CPU
		{D05B78B8-C12D-4D5D-B762-788FC23BDAAE}.Debug|Any CPU.Build.0 = Debug|Any CPU
		{D05B78B8-C12D-4D5D-B762-788FC23BDAAE}.Release|Any CPU.ActiveCfg = Release|Any CPU
		{D05B78B8-C12D-4D5D-B762-788FC23BDAAE}.Release|Any CPU.Build.0 = Release|Any CPU
	EndGlobalSection
	GlobalSection(SolutionProperties) = preSolution
		HideSolutionNode = FALSE
	EndGlobalSection
	GlobalSection(ExtensibilityGlobals) = postSolution
		SolutionGuid = {0F68FF31-E17D-425E-BC30-6C0C3C1D2BF6}
	EndGlobalSection
EndGlobal
